{
  "lockfile-version": 1,
  "manifest": {
    "schema-version": "1.12.0",
    "install": {
      "gcc": {
        "pkg-path": "gcc"
      },
      "greenlet": {
        "pkg-path": "python313Packages.greenlet"
      },
      "numpy": {
        "pkg-path": "python313Packages.numpy"
      },
      "python313": {
        "pkg-path": "python313"
      },
      "uv": {
        "pkg-path": "uv"
      }
    },
    "hook": {},
    "profile": {},
    "options": {}
  },
  "packages": [
    {
      "attr_path": "gcc",
      "broken": false,
      "derivation": "/nix/store/nqiayifqz3bwrf26qbzr9472wdbgw8gm-gcc-wrapper-15.2.0.drv",
      "description": "GNU Compiler Collection, version 15.2.0 (wrapper script)",
      "install_id": "gcc",
      "license": "GPL-3.0-or-later",
      "locked_url": "https://github.com/flox/nixpkgs?rev=331800de5053fcebacf6813adb5db9c9dca22a0c",
      "name": "gcc-wrapper-15.2.0",
      "pname": "gcc",
      "rev": "331800de5053fcebacf6813adb5db9c9dca22a0c",
      "rev_count": 1008282,
      "rev_date": "2026-05-31T16:09:29Z",
      "scrape_date": "2026-06-02T08:55:41.059126Z",
      "stabilities": [
        "unstable"
      ],
      "unfree": false,
      "version": "15.2.0",
      "outputs_to_install": [
        "man",
        "out"
      ],
      "outputs": {
        "info": "/nix/store/hnw7ac1xs560iykqz0bcpvpkwckjvdwh-gcc-wrapper-15.2.0-info",
        "man": "/nix/store/brg9p7mk8cnpqyn6l095cp87164scybj-gcc-wrapper-15.2.0-man",
        "out": "/nix/store/b6igqq05cjkm04jar9b4p3rkp9abcpxi-gcc-wrapper-15.2.0"
      },
      "system": "aarch64-darwin",
      "group": "toplevel",
      "priority": 5
    },
    {
      "attr_path": "gcc",
      "broken": false,
      "derivation": "/nix/store/s98j0lrk70winmakb0slz06lm6g9jkpj-gcc-wrapper-15.2.0.drv",
      "description": "GNU Compiler Collection, version 15.2.0 (wrapper script)",
      "install_id": "gcc",
      "license": "GPL-3.0-or-later",
      "locked_url": "https://github.com/flox/nixpkgs?rev=331800de5053fcebacf6813adb5db9c9dca22a0c",
      "name": "gcc-wrapper-15.2.0",
      "pname": "gcc",
      "rev": "331800de5053fcebacf6813adb5db9c9dca22a0c",
      "rev_count": 1008282,
      "rev_date": "2026-05-31T16:09:29Z",
      "scrape_date": "2026-06-02T09:40:20.692034Z",
      "stabilities": [
        "unstable"
      ],
      "unfree": false,
      "version": "15.2.0",
      "outputs_to_install": [
        "man",
        "out",
        "out"
      ],
      "outputs": {
        "info": "/nix/store/y01as0p9m8ksp0gw07fkcfyc7ys5j515-gcc-wrapper-15.2.0-info",
        "man": "/nix/store/ix6iqra08cyg0x3lcd671cimz2kk5bdk-gcc-wrapper-15.2.0-man",
        "out": "/nix/store/vsj0kl98ggilv1nq2gvxwrk12w2lgvjy-gcc-wrapper-15.2.0"
      },
      "system": "aarch64-linux",
      "group": "toplevel",
      "priority": 5
    },
    {
      "attr_path": "gcc",
      "broken": false,
      "derivation": "/nix/store/5di0jdzn9qqqcich8w9qbr5irz4dm8jh-gcc-wrapper-15.2.0.drv",
      "description": "GNU Compiler Collection, version 15.2.0 (wrapper script)",
      "install_id": "gcc",
      "license": "GPL-3.0-or-later",
      "locked_url": "https://github.com/flox/nixpkgs?rev=331800de5053fcebacf6813adb5db9c9dca22a0c",
      "name": "gcc-wrapper-15.2.0",
      "pname": "gcc",
      "rev": "331800de5053fcebacf6813adb5db9c9dca22a0c",
      "rev_count": 1008282,
      "rev_date": "2026-05-31T16:09:29Z",
      "scrape_date": "2026-06-02T10:24:48.212628Z",
      "stabilities": [
        "unstable"
      ],
      "unfree": false,
      "version": "15.2.0",
      "outputs_to_install": [
        "man",
        "out"
      ],
      "outputs": {
        "info": "/nix/store/icsmawdpqplpibq89mzxnhv39wyws20b-gcc-wrapper-15.2.0-info",
        "man": "/nix/store/2q2jzxbhdbqn7q4bw6h7ql2vpra4nxmx-gcc-wrapper-15.2.0-man",
        "out": "/nix/store/q5dy2amk2l7rq23gq7hi6kxsb520gd5p-gcc-wrapper-15.2.0"
      },
      "system": "x86_64-darwin",
      "group": "toplevel",
      "priority": 5
    },
    {
      "attr_path": "gcc",
      "broken": false,
      "derivation": "/nix/store/y7wnv3kycy9gpxzwmny1sppi7il9i31a-gcc-wrapper-15.2.0.drv",
      "description": "GNU Compiler Collection, version 15.2.0 (wrapper script)",
      "install_id": "gcc",
      "license": "GPL-3.0-or-later",
      "locked_url": "https://github.com/flox/nixpkgs?rev=331800de5053fcebacf6813adb5db9c9dca22a0c",
      "name": "gcc-wrapper-15.2.0",
      "pname": "gcc",
      "rev": "331800de5053fcebacf6813adb5db9c9dca22a0c",
      "rev_count": 1008282,
      "rev_date": "2026-05-31T16:09:29Z",
      "scrape_date": "2026-06-02T11:06:44.428049Z",
      "stabilities": [
        "unstable"
      ],
      "unfree": false,
      "version": "15.2.0",
      "outputs_to_install": [
        "man",
        "out",
        "out"
      ],
      "outputs": {
        "info": "/nix/store/5b0hplrl0n9g159mcis4jca1fjd4822a-gcc-wrapper-15.2.0-info",
        "man": "/nix/store/r35yg8h1w630r3lmnyglwhv5nvk284mx-gcc-wrapper-15.2.0-man",
        "out": "/nix/store/788mx070y81zjlg5ipcl0cra3afviw9k-gcc-wrapper-15.2.0"
      },
      "system": "x86_64-linux",
      "group": "toplevel",
      "priority": 5
    },
    {
      "attr_path": "python313Packages.greenlet",
      "broken": false,
      "derivation": "/nix/store/z0vz4ma6zf387vadkk0lgwwcwxi87smk-python3.13-greenlet-3.3.0.drv",
      "description": "Module for lightweight in-process concurrent programming",
      "install_id": "greenlet",
      "license": "[ Python-2.0, MIT ]",
      "locked_url": "https://github.com/flox/nixpkgs?rev=331800de5053fcebacf6813adb5db9c9dca22a0c",
      "name": "python3.13-greenlet-3.3.0",
      "pname": "greenlet",
      "rev": "331800de5053fcebacf6813adb5db9c9dca22a0c",
      "rev_count": 1008282,
      "rev_date": "2026-05-31T16:09:29Z",
      "scrape_date": "2026-06-02T08:56:26.528826Z",
      "stabilities": [
        "unstable"
      ],
      "unfree": false,
      "version": "3.3.0",
      "outputs_to_install": [
        "out"
      ],
      "outputs": {
        "dist": "/nix/store/q22v4r1pfapl1dyvd14zigfwqy279ycx-python3.13-greenlet-3.3.0-dist",
        "out": "/nix/store/pd7ag0im3hshmljxh7jqd9rmsgws6k14-python3.13-greenlet-3.3.0"
      },
      "system": "aarch64-darwin",
      "group": "toplevel",
      "priority": 5
    },
    {
      "attr_path": "python313Packages.greenlet",
      "broken": false,
      "derivation": "/nix/store/gca30lswbhb0iaqqc1ab30l60qs26wm3-python3.13-greenlet-3.3.0.drv",
      "description": "Module for lightweight in-process concurrent programming",
      "install_id": "greenlet",
      "license": "[ Python-2.0, MIT ]",
      "locked_url": "https://github.com/flox/nixpkgs?rev=331800de5053fcebacf6813adb5db9c9dca22a0c",
      "name": "python3.13-greenlet-3.3.0",
      "pname": "greenlet",
      "rev": "331800de5053fcebacf6813adb5db9c9dca22a0c",
      "rev_count": 1008282,
      "rev_date": "2026-05-31T16:09:29Z",
      "scrape_date": "2026-06-02T09:41:28.143524Z",
      "stabilities": [
        "unstable"
      ],
      "unfree": false,
      "version": "3.3.0",
      "outputs_to_install": [
        "out"
      ],
      "outputs": {
        "dist": "/nix/store/apnd1cwmwmi4ms6rmblnmfksazn3f3n6-python3.13-greenlet-3.3.0-dist",
        "out": "/nix/store/dv26bl2f4dmllhjv0s9lbn8xqrv6fbp9-python3.13-greenlet-3.3.0"
      },
      "system": "aarch64-linux",
      "group": "toplevel",
      "priority": 5
    },
    {
      "attr_path": "python313Packages.greenlet",
      "broken": false,
      "derivation": "/nix/store/a4n2wqbi3pza99i6ylwmlp40ncgrx1dz-python3.13-greenlet-3.3.0.drv",
      "description": "Module for lightweight in-process concurrent programming",
      "install_id": "greenlet",
      "license": "[ Python-2.0, MIT ]",
      "locked_url": "https://github.com/flox/nixpkgs?rev=331800de5053fcebacf6813adb5db9c9dca22a0c",
      "name": "python3.13-greenlet-3.3.0",
      "pname": "greenlet",
      "rev": "331800de5053fcebacf6813adb5db9c9dca22a0c",
      "rev_count": 1008282,
      "rev_date": "2026-05-31T16:09:29Z",
      "scrape_date": "2026-06-02T10:25:34.630735Z",
      "stabilities": [
        "unstable"
      ],
      "unfree": false,
      "version": "3.3.0",
      "outputs_to_install": [
        "out"
      ],
      "outputs": {
        "dist": "/nix/store/h76m23c96xiys35sxsjab0hldqmc01xl-python3.13-greenlet-3.3.0-dist",
        "out": "/nix/store/2acbb13lxffcqkn5gndxsliwx5pnvgh6-python3.13-greenlet-3.3.0"
      },
      "system": "x86_64-darwin",
      "group": "toplevel",
      "priority": 5
    },
    {
      "attr_path": "python313Packages.greenlet",
      "broken": false,
      "derivation": "/nix/store/b9j0h8pc7xbj7zswbnn56djs38f3nkir-python3.13-greenlet-3.3.0.drv",
      "description": "Module for lightweight in-process concurrent programming",
      "install_id": "greenlet",
      "license": "[ Python-2.0, MIT ]",
      "locked_url": "https://github.com/flox/nixpkgs?rev=331800de5053fcebacf6813adb5db9c9dca22a0c",
      "name": "python3.13-greenlet-3.3.0",
      "pname": "greenlet",
      "rev": "331800de5053fcebacf6813adb5db9c9dca22a0c",
      "rev_count": 1008282,
      "rev_date": "2026-05-31T16:09:29Z",
      "scrape_date": "2026-06-02T11:07:54.864227Z",
      "stabilities": [
        "unstable"
      ],
      "unfree": false,
      "version": "3.3.0",
      "outputs_to_install": [
        "out"
      ],
      "outputs": {
        "dist": "/nix/store/nxls6wjk02y6xv8bi5mx16kajiqg4x9x-python3.13-greenlet-3.3.0-dist",
        "out": "/nix/store/yv89rc74ad8yd1kfmx3l7yk7v19mq223-python3.13-greenlet-3.3.0"
      },
      "system": "x86_64-linux",
      "group": "toplevel",
      "priority": 5
    },
    {
      "attr_path": "python313Packages.numpy",
      "broken": false,
      "derivation": "/nix/store/1i2n1b5kssnnzch2mp38yjpd3cpn1cdy-python3.13-numpy-2.4.4.drv",
      "description": "Scientific tools for Python",
      "install_id": "numpy",
      "license": "BSD-3-Clause",
      "locked_url": "https://github.com/flox/nixpkgs?rev=331800de5053fcebacf6813adb5db9c9dca22a0c",
      "name": "python3.13-numpy-2.4.4",
      "pname": "numpy",
      "rev": "331800de5053fcebacf6813adb5db9c9dca22a0c",
      "rev_count": 1008282,
      "rev_date": "2026-05-31T16:09:29Z",
      "scrape_date": "2026-06-02T08:56:30.853600Z",
      "stabilities": [
        "unstable"
      ],
      "unfree": false,
      "version": "2.4.4",
      "outputs_to_install": [
        "out"
      ],
      "outputs": {
        "dist": "/nix/store/sqhgdn5z6p2nmjlphs3x68953iz89nvi-python3.13-numpy-2.4.4-dist",
        "out": "/nix/store/sp5142hsjf7169qbaz5aqk4sk6b62qiw-python3.13-numpy-2.4.4"
      },
      "system": "aarch64-darwin",
      "group": "toplevel",
      "priority": 5
    },
    {
      "attr_path": "python313Packages.numpy",
      "broken": false,
      "derivation": "/nix/store/bqybpldyc568xksk7zxqi92hv1wn8dxg-python3.13-numpy-2.4.4.drv",
      "description": "Scientific tools for Python",
      "install_id": "numpy",
      "license": "BSD-3-Clause",
      "locked_url": "https://github.com/flox/nixpkgs?rev=331800de5053fcebacf6813adb5db9c9dca22a0c",
      "name": "python3.13-numpy-2.4.4",
      "pname": "numpy",
      "rev": "331800de5053fcebacf6813adb5db9c9dca22a0c",
      "rev_count": 1008282,
      "rev_date": "2026-05-31T16:09:29Z",
      "scrape_date": "2026-06-02T09:41:33.566798Z",
      "stabilities": [
        "unstable"
      ],
      "unfree": false,
      "version": "2.4.4",
      "outputs_to_install": [
        "out",
        "out"
      ],
      "outputs": {
        "dist": "/nix/store/xji8qkj27vf2viqq30zyrrw0dal9pk5m-python3.13-numpy-2.4.4-dist",
        "out": "/nix/store/43rxqnw011f85f6qwnd4jzgmifzfxaq8-python3.13-numpy-2.4.4"
      },
      "system": "aarch64-linux",
      "group": "toplevel",
      "priority": 5
    },
    {
      "attr_path": "python313Packages.numpy",
      "broken": false,
      "derivation": "/nix/store/rrrsbiywnx63842ac14q07vn0y92b0z0-python3.13-numpy-2.4.4.drv",
      "description": "Scientific tools for Python",
      "install_id": "numpy",
      "license": "BSD-3-Clause",
      "locked_url": "https://github.com/flox/nixpkgs?rev=331800de5053fcebacf6813adb5db9c9dca22a0c",
      "name": "python3.13-numpy-2.4.4",
      "pname": "numpy",
      "rev": "331800de5053fcebacf6813adb5db9c9dca22a0c",
      "rev_count": 1008282,
      "rev_date": "2026-05-31T16:09:29Z",
      "scrape_date": "2026-06-02T10:25:39.009638Z",
      "stabilities": [
        "unstable"
      ],
      "unfree": false,
      "version": "2.4.4",
      "outputs_to_install": [
        "out"
      ],
      "outputs": {
        "dist": "/nix/store/gqhdcd4p2hwsh4wn12spkzk1f20mar34-python3.13-numpy-2.4.4-dist",
        "out": "/nix/store/cjvfmr94a16y5ha6xlpws3d54cxp0k69-python3.13-numpy-2.4.4"
      },
      "system": "x86_64-darwin",
      "group": "toplevel",
      "priority": 5
    },
    {
      "attr_path": "python313Packages.numpy",
      "broken": false,
      "derivation": "/nix/store/lza5n08fpdzgg0rilrz2xgsc6fysn90v-python3.13-numpy-2.4.4.drv",
      "description": "Scientific tools for Python",
      "install_id": "numpy",
      "license": "BSD-3-Clause",
      "locked_url": "https://github.com/flox/nixpkgs?rev=331800de5053fcebacf6813adb5db9c9dca22a0c",
      "name": "python3.13-numpy-2.4.4",
      "pname": "numpy",
      "rev": "331800de5053fcebacf6813adb5db9c9dca22a0c",
      "rev_count": 1008282,
      "rev_date": "2026-05-31T16:09:29Z",
      "scrape_date": "2026-06-02T11:08:00.568653Z",
      "stabilities": [
        "unstable"
      ],
      "unfree": false,
      "version": "2.4.4",
      "outputs_to_install": [
        "out",
        "out"
      ],
      "outputs": {
        "dist": "/nix/store/3wmy167jrryy19h6i6hnfbzy4j0ndkma-python3.13-numpy-2.4.4-dist",
        "out": "/nix/store/l59n6vzkswz23y6s4pr6cmv2p4dpd5f0-python3.13-numpy-2.4.4"
      },
      "system": "x86_64-linux",
      "group": "toplevel",
      "priority": 5
    },
    {
      "attr_path": "python313",
      "broken": false,
      "derivation": "/nix/store/bknb559vqzsgsrjz47gr6yfl8ivz60cs-python3-3.13.13.drv",
      "description": "High-level dynamically-typed programming language",
      "install_id": "python313",
      "license": "Python-2.0",
      "locked_url": "https://github.com/flox/nixpkgs?rev=331800de5053fcebacf6813adb5db9c9dca22a0c",
      "name": "python3-3.13.13",
      "pname": "python313",
      "rev": "331800de5053fcebacf6813adb5db9c9dca22a0c",
      "rev_count": 1008282,
      "rev_date": "2026-05-31T16:09:29Z",
      "scrape_date": "2026-06-02T08:56:20.816978Z",
      "stabilities": [
        "unstable"
      ],
      "unfree": false,
      "version": "python3-3.13.13",
      "outputs_to_install": [
        "out",
        "out"
      ],
      "outputs": {
        "out": "/nix/store/ygxqin6ydzjfawywqpp5pal8wv6sf5bh-python3-3.13.13"
      },
      "system": "aarch64-darwin",
      "group": "toplevel",
      "priority": 5
    },
    {
      "attr_path": "python313",
      "broken": false,
      "derivation": "/nix/store/x2hqw4p7ypn5mh08wgv4h37g6pqnw9ka-python3-3.13.13.drv",
      "description": "High-level dynamically-typed programming language",
      "install_id": "python313",
      "license": "Python-2.0",
      "locked_url": "https://github.com/flox/nixpkgs?rev=331800de5053fcebacf6813adb5db9c9dca22a0c",
      "name": "python3-3.13.13",
      "pname": "python313",
      "rev": "331800de5053fcebacf6813adb5db9c9dca22a0c",
      "rev_count": 1008282,
      "rev_date": "2026-05-31T16:09:29Z",
      "scrape_date": "2026-06-02T09:41:21.003915Z",
      "stabilities": [
        "unstable"
      ],
      "unfree": false,
      "version": "python3-3.13.13",
      "outputs_to_install": [
        "out",
        "out",
        "out"
      ],
      "outputs": {
        "debug": "/nix/store/wsi1phrz2gvs0xa8gxsq34mbdpr0s6h0-python3-3.13.13-debug",
        "out": "/nix/store/lqn6mbgzzdrqq2qkwddcmxj9z6amdd86-python3-3.13.13"
      },
      "system": "aarch64-linux",
      "group": "toplevel",
      "priority": 5
    },
    {
      "attr_path": "python313",
      "broken": false,
      "derivation": "/nix/store/klsjr5grg2dlgbsimgczsz32s6h0s7ps-python3-3.13.13.drv",
      "description": "High-level dynamically-typed programming language",
      "install_id": "python313",
      "license": "Python-2.0",
      "locked_url": "https://github.com/flox/nixpkgs?rev=331800de5053fcebacf6813adb5db9c9dca22a0c",
      "name": "python3-3.13.13",
      "pname": "python313",
      "rev": "331800de5053fcebacf6813adb5db9c9dca22a0c",
      "rev_count": 1008282,
      "rev_date": "2026-05-31T16:09:29Z",
      "scrape_date": "2026-06-02T10:25:28.893138Z",
      "stabilities": [
        "unstable"
      ],
      "unfree": false,
      "version": "python3-3.13.13",
      "outputs_to_install": [
        "out",
        "out"
      ],
      "outputs": {
        "out": "/nix/store/fyyi8b1dpk3xpjnn52rznnpvlyivds97-python3-3.13.13"
      },
      "system": "x86_64-darwin",
      "group": "toplevel",
      "priority": 5
    },
    {
      "attr_path": "python313",
      "broken": false,
      "derivation": "/nix/store/3qs947by1lp93b4gnfisb3jx67mpkd3c-python3-3.13.13.drv",
      "description": "High-level dynamically-typed programming language",
      "install_id": "python313",
      "license": "Python-2.0",
      "locked_url": "https://github.com/flox/nixpkgs?rev=331800de5053fcebacf6813adb5db9c9dca22a0c",
      "name": "python3-3.13.13",
      "pname": "python313",
      "rev": "331800de5053fcebacf6813adb5db9c9dca22a0c",
      "rev_count": 1008282,
      "rev_date": "2026-05-31T16:09:29Z",
      "scrape_date": "2026-06-02T11:07:47.316577Z",
      "stabilities": [
        "unstable"
      ],
      "unfree": false,
      "version": "python3-3.13.13",
      "outputs_to_install": [
        "out",
        "out",
        "out",
        "out",
        "out"
      ],
      "outputs": {
        "debug": "/nix/store/f8f8fd1yyvay2916vv1lk77v4cy5p3wz-python3-3.13.13-debug",
        "out": "/nix/store/60m4rxhg2fldqaak400c0lry96ijrzqn-python3-3.13.13"
      },
      "system": "x86_64-linux",
      "group": "toplevel",
      "priority": 5
    },
    {
      "attr_path": "uv",
      "broken": false,
      "derivation": "/nix/store/22vsisq4s1xlnyjar72dahn214qazgrs-uv-0.11.17.drv",
      "description": "Extremely fast Python package installer and resolver, written in Rust",
      "install_id": "uv",
      "license": "[ Apache-2.0, MIT ]",
      "locked_url": "https://github.com/flox/nixpkgs?rev=331800de5053fcebacf6813adb5db9c9dca22a0c",
      "name": "uv-0.11.17",
      "pname": "uv",
      "rev": "331800de5053fcebacf6813adb5db9c9dca22a0c",
      "rev_count": 1008282,
      "rev_date": "2026-05-31T16:09:29Z",
      "scrape_date": "2026-06-02T08:58:12.262413Z",
      "stabilities": [
        "unstable"
      ],
      "unfree": false,
      "version": "0.11.17",
      "outputs_to_install": [
        "out"
      ],
      "outputs": {
        "out": "/nix/store/vac3cff9gy7gwsc7fkvq6xam9y6pyfis-uv-0.11.17"
      },
      "system": "aarch64-darwin",
      "group": "toplevel",
      "priority": 5
    },
    {
      "attr_path": "uv",
      "broken": false,
      "derivation": "/nix/store/hdzdf6n49bn1c8c128j4lkr0572hpzvq-uv-0.11.17.drv",
      "description": "Extremely fast Python package installer and resolver, written in Rust",
      "install_id": "uv",
      "license": "[ Apache-2.0, MIT ]",
      "locked_url": "https://github.com/flox/nixpkgs?rev=331800de5053fcebacf6813adb5db9c9dca22a0c",
      "name": "uv-0.11.17",
      "pname": "uv",
      "rev": "331800de5053fcebacf6813adb5db9c9dca22a0c",
      "rev_count": 1008282,
      "rev_date": "2026-05-31T16:09:29Z",
      "scrape_date": "2026-06-02T09:43:43.500604Z",
      "stabilities": [
        "unstable"
      ],
      "unfree": false,
      "version": "0.11.17",
      "outputs_to_install": [
        "out"
      ],
      "outputs": {
        "out": "/nix/store/44ca5s53vkly9vz5rmb6f9m4v562ilqj-uv-0.11.17"
      },
      "system": "aarch64-linux",
      "group": "toplevel",
      "priority": 5
    },
    {
      "attr_path": "uv",
      "broken": false,
      "derivation": "/nix/store/d1f6hcgmmw2jhnxsnc7p8rkia4mhrh18-uv-0.11.17.drv",
      "description": "Extremely fast Python package installer and resolver, written in Rust",
      "install_id": "uv",
      "license": "[ Apache-2.0, MIT ]",
      "locked_url": "https://github.com/flox/nixpkgs?rev=331800de5053fcebacf6813adb5db9c9dca22a0c",
      "name": "uv-0.11.17",
      "pname": "uv",
      "rev": "331800de5053fcebacf6813adb5db9c9dca22a0c",
      "rev_count": 1008282,
      "rev_date": "2026-05-31T16:09:29Z",
      "scrape_date": "2026-06-02T10:27:21.219538Z",
      "stabilities": [
        "unstable"
      ],
      "unfree": false,
      "version": "0.11.17",
      "outputs_to_install": [
        "out"
      ],
      "outputs": {
        "out": "/nix/store/qnird3c2xrh089mwjir4hb756awibiiz-uv-0.11.17"
      },
      "system": "x86_64-darwin",
      "group": "toplevel",
      "priority": 5
    },
    {
      "attr_path": "uv",
      "broken": false,
      "derivation": "/nix/store/b4aanngrkmr5djgw8gx4bzw0ngspm6m3-uv-0.11.17.drv",
      "description": "Extremely fast Python package installer and resolver, written in Rust",
      "install_id": "uv",
      "license": "[ Apache-2.0, MIT ]",
      "locked_url": "https://github.com/flox/nixpkgs?rev=331800de5053fcebacf6813adb5db9c9dca22a0c",
      "name": "uv-0.11.17",
      "pname": "uv",
      "rev": "331800de5053fcebacf6813adb5db9c9dca22a0c",
      "rev_count": 1008282,
      "rev_date": "2026-05-31T16:09:29Z",
      "scrape_date": "2026-06-02T11:10:16.229389Z",
      "stabilities": [
        "unstable"
      ],
      "unfree": false,
      "version": "0.11.17",
      "outputs_to_install": [
        "out"
      ],
      "outputs": {
        "out": "/nix/store/9yd6g2f18vlqqmj38rdgm3ih5q8022d4-uv-0.11.17"
      },
      "system": "x86_64-linux",
      "group": "toplevel",
      "priority": 5
    }
  ]
}
