{
  "lockfile-version": 1,
  "manifest": {
    "schema-version": "1.12.0",
    "install": {
      "gcc": {
        "pkg-path": "gcc"
      },
      "greenlet": {
        "pkg-path": "python313Packages.greenlet"
      },
      "python313": {
        "pkg-path": "python313"
      },
      "uv": {
        "pkg-path": "uv"
      }
    },
    "hook": {},
    "profile": {},
    "options": {}
  },
  "packages": [
    {
      "attr_path": "gcc",
      "broken": false,
      "derivation": "/nix/store/kcf5kgkcjq1lj82sdwb51yz1b6cvrkgm-gcc-wrapper-15.2.0.drv",
      "description": "GNU Compiler Collection, version 15.2.0 (wrapper script)",
      "install_id": "gcc",
      "license": "GPL-3.0-or-later",
      "locked_url": "https://github.com/flox/nixpkgs?rev=64c08a7ca051951c8eae34e3e3cb1e202fe36786",
      "name": "gcc-wrapper-15.2.0",
      "pname": "gcc",
      "rev": "64c08a7ca051951c8eae34e3e3cb1e202fe36786",
      "rev_count": 1004030,
      "rev_date": "2026-05-23T18:24:25Z",
      "scrape_date": "2026-05-26T07:06:03.753221Z",
      "stabilities": [
        "unstable"
      ],
      "unfree": false,
      "version": "15.2.0",
      "outputs_to_install": [
        "man",
        "out"
      ],
      "outputs": {
        "info": "/nix/store/hnw7ac1xs560iykqz0bcpvpkwckjvdwh-gcc-wrapper-15.2.0-info",
        "man": "/nix/store/brg9p7mk8cnpqyn6l095cp87164scybj-gcc-wrapper-15.2.0-man",
        "out": "/nix/store/b6igqq05cjkm04jar9b4p3rkp9abcpxi-gcc-wrapper-15.2.0"
      },
      "system": "aarch64-darwin",
      "group": "toplevel",
      "priority": 5
    },
    {
      "attr_path": "gcc",
      "broken": false,
      "derivation": "/nix/store/s98j0lrk70winmakb0slz06lm6g9jkpj-gcc-wrapper-15.2.0.drv",
      "description": "GNU Compiler Collection, version 15.2.0 (wrapper script)",
      "install_id": "gcc",
      "license": "GPL-3.0-or-later",
      "locked_url": "https://github.com/flox/nixpkgs?rev=64c08a7ca051951c8eae34e3e3cb1e202fe36786",
      "name": "gcc-wrapper-15.2.0",
      "pname": "gcc",
      "rev": "64c08a7ca051951c8eae34e3e3cb1e202fe36786",
      "rev_count": 1004030,
      "rev_date": "2026-05-23T18:24:25Z",
      "scrape_date": "2026-05-26T07:34:27.444270Z",
      "stabilities": [
        "unstable"
      ],
      "unfree": false,
      "version": "15.2.0",
      "outputs_to_install": [
        "man",
        "out",
        "out"
      ],
      "outputs": {
        "info": "/nix/store/y01as0p9m8ksp0gw07fkcfyc7ys5j515-gcc-wrapper-15.2.0-info",
        "man": "/nix/store/ix6iqra08cyg0x3lcd671cimz2kk5bdk-gcc-wrapper-15.2.0-man",
        "out": "/nix/store/vsj0kl98ggilv1nq2gvxwrk12w2lgvjy-gcc-wrapper-15.2.0"
      },
      "system": "aarch64-linux",
      "group": "toplevel",
      "priority": 5
    },
    {
      "attr_path": "gcc",
      "broken": false,
      "derivation": "/nix/store/zcykg4v83r0w3w3389iq7bga3ywpf12l-gcc-wrapper-15.2.0.drv",
      "description": "GNU Compiler Collection, version 15.2.0 (wrapper script)",
      "install_id": "gcc",
      "license": "GPL-3.0-or-later",
      "locked_url": "https://github.com/flox/nixpkgs?rev=64c08a7ca051951c8eae34e3e3cb1e202fe36786",
      "name": "gcc-wrapper-15.2.0",
      "pname": "gcc",
      "rev": "64c08a7ca051951c8eae34e3e3cb1e202fe36786",
      "rev_count": 1004030,
      "rev_date": "2026-05-23T18:24:25Z",
      "scrape_date": "2026-05-26T08:02:12.937058Z",
      "stabilities": [
        "unstable"
      ],
      "unfree": false,
      "version": "15.2.0",
      "outputs_to_install": [
        "man",
        "out"
      ],
      "outputs": {
        "info": "/nix/store/icsmawdpqplpibq89mzxnhv39wyws20b-gcc-wrapper-15.2.0-info",
        "man": "/nix/store/2q2jzxbhdbqn7q4bw6h7ql2vpra4nxmx-gcc-wrapper-15.2.0-man",
        "out": "/nix/store/q5dy2amk2l7rq23gq7hi6kxsb520gd5p-gcc-wrapper-15.2.0"
      },
      "system": "x86_64-darwin",
      "group": "toplevel",
      "priority": 5
    },
    {
      "attr_path": "gcc",
      "broken": false,
      "derivation": "/nix/store/y7wnv3kycy9gpxzwmny1sppi7il9i31a-gcc-wrapper-15.2.0.drv",
      "description": "GNU Compiler Collection, version 15.2.0 (wrapper script)",
      "install_id": "gcc",
      "license": "GPL-3.0-or-later",
      "locked_url": "https://github.com/flox/nixpkgs?rev=64c08a7ca051951c8eae34e3e3cb1e202fe36786",
      "name": "gcc-wrapper-15.2.0",
      "pname": "gcc",
      "rev": "64c08a7ca051951c8eae34e3e3cb1e202fe36786",
      "rev_count": 1004030,
      "rev_date": "2026-05-23T18:24:25Z",
      "scrape_date": "2026-05-26T08:32:52.649940Z",
      "stabilities": [
        "unstable"
      ],
      "unfree": false,
      "version": "15.2.0",
      "outputs_to_install": [
        "man",
        "out",
        "out"
      ],
      "outputs": {
        "info": "/nix/store/5b0hplrl0n9g159mcis4jca1fjd4822a-gcc-wrapper-15.2.0-info",
        "man": "/nix/store/r35yg8h1w630r3lmnyglwhv5nvk284mx-gcc-wrapper-15.2.0-man",
        "out": "/nix/store/788mx070y81zjlg5ipcl0cra3afviw9k-gcc-wrapper-15.2.0"
      },
      "system": "x86_64-linux",
      "group": "toplevel",
      "priority": 5
    },
    {
      "attr_path": "python313Packages.greenlet",
      "broken": false,
      "derivation": "/nix/store/j02jxjv8b10spzlqnysa5225ncswlhaj-python3.13-greenlet-3.3.0.drv",
      "description": "Module for lightweight in-process concurrent programming",
      "install_id": "greenlet",
      "license": "[ Python-2.0, MIT ]",
      "locked_url": "https://github.com/flox/nixpkgs?rev=64c08a7ca051951c8eae34e3e3cb1e202fe36786",
      "name": "python3.13-greenlet-3.3.0",
      "pname": "greenlet",
      "rev": "64c08a7ca051951c8eae34e3e3cb1e202fe36786",
      "rev_count": 1004030,
      "rev_date": "2026-05-23T18:24:25Z",
      "scrape_date": "2026-05-26T07:06:49.675754Z",
      "stabilities": [
        "unstable"
      ],
      "unfree": false,
      "version": "3.3.0",
      "outputs_to_install": [
        "out"
      ],
      "outputs": {
        "dist": "/nix/store/q22v4r1pfapl1dyvd14zigfwqy279ycx-python3.13-greenlet-3.3.0-dist",
        "out": "/nix/store/pd7ag0im3hshmljxh7jqd9rmsgws6k14-python3.13-greenlet-3.3.0"
      },
      "system": "aarch64-darwin",
      "group": "toplevel",
      "priority": 5
    },
    {
      "attr_path": "python313Packages.greenlet",
      "broken": false,
      "derivation": "/nix/store/zsslaz74ch6mksz48ah3pz3s6zw3snjs-python3.13-greenlet-3.3.0.drv",
      "description": "Module for lightweight in-process concurrent programming",
      "install_id": "greenlet",
      "license": "[ Python-2.0, MIT ]",
      "locked_url": "https://github.com/flox/nixpkgs?rev=64c08a7ca051951c8eae34e3e3cb1e202fe36786",
      "name": "python3.13-greenlet-3.3.0",
      "pname": "greenlet",
      "rev": "64c08a7ca051951c8eae34e3e3cb1e202fe36786",
      "rev_count": 1004030,
      "rev_date": "2026-05-23T18:24:25Z",
      "scrape_date": "2026-05-26T07:35:36.039210Z",
      "stabilities": [
        "unstable"
      ],
      "unfree": false,
      "version": "3.3.0",
      "outputs_to_install": [
        "out"
      ],
      "outputs": {
        "dist": "/nix/store/apnd1cwmwmi4ms6rmblnmfksazn3f3n6-python3.13-greenlet-3.3.0-dist",
        "out": "/nix/store/dv26bl2f4dmllhjv0s9lbn8xqrv6fbp9-python3.13-greenlet-3.3.0"
      },
      "system": "aarch64-linux",
      "group": "toplevel",
      "priority": 5
    },
    {
      "attr_path": "python313Packages.greenlet",
      "broken": false,
      "derivation": "/nix/store/yy0ddq044dvdzaisk559z9qcf3zv3czx-python3.13-greenlet-3.3.0.drv",
      "description": "Module for lightweight in-process concurrent programming",
      "install_id": "greenlet",
      "license": "[ Python-2.0, MIT ]",
      "locked_url": "https://github.com/flox/nixpkgs?rev=64c08a7ca051951c8eae34e3e3cb1e202fe36786",
      "name": "python3.13-greenlet-3.3.0",
      "pname": "greenlet",
      "rev": "64c08a7ca051951c8eae34e3e3cb1e202fe36786",
      "rev_count": 1004030,
      "rev_date": "2026-05-23T18:24:25Z",
      "scrape_date": "2026-05-26T08:02:58.634092Z",
      "stabilities": [
        "unstable"
      ],
      "unfree": false,
      "version": "3.3.0",
      "outputs_to_install": [
        "out"
      ],
      "outputs": {
        "dist": "/nix/store/h76m23c96xiys35sxsjab0hldqmc01xl-python3.13-greenlet-3.3.0-dist",
        "out": "/nix/store/2acbb13lxffcqkn5gndxsliwx5pnvgh6-python3.13-greenlet-3.3.0"
      },
      "system": "x86_64-darwin",
      "group": "toplevel",
      "priority": 5
    },
    {
      "attr_path": "python313Packages.greenlet",
      "broken": false,
      "derivation": "/nix/store/p062ijkzykh2pyhcq1jhhbqlrsx2p8pi-python3.13-greenlet-3.3.0.drv",
      "description": "Module for lightweight in-process concurrent programming",
      "install_id": "greenlet",
      "license": "[ Python-2.0, MIT ]",
      "locked_url": "https://github.com/flox/nixpkgs?rev=64c08a7ca051951c8eae34e3e3cb1e202fe36786",
      "name": "python3.13-greenlet-3.3.0",
      "pname": "greenlet",
      "rev": "64c08a7ca051951c8eae34e3e3cb1e202fe36786",
      "rev_count": 1004030,
      "rev_date": "2026-05-23T18:24:25Z",
      "scrape_date": "2026-05-26T08:34:01.188096Z",
      "stabilities": [
        "unstable"
      ],
      "unfree": false,
      "version": "3.3.0",
      "outputs_to_install": [
        "out"
      ],
      "outputs": {
        "dist": "/nix/store/nxls6wjk02y6xv8bi5mx16kajiqg4x9x-python3.13-greenlet-3.3.0-dist",
        "out": "/nix/store/yv89rc74ad8yd1kfmx3l7yk7v19mq223-python3.13-greenlet-3.3.0"
      },
      "system": "x86_64-linux",
      "group": "toplevel",
      "priority": 5
    },
    {
      "attr_path": "python313",
      "broken": false,
      "derivation": "/nix/store/jvznzx6apcj5x15cnsw3hnamrflwxaq0-python3-3.13.13.drv",
      "description": "High-level dynamically-typed programming language",
      "install_id": "python313",
      "license": "Python-2.0",
      "locked_url": "https://github.com/flox/nixpkgs?rev=64c08a7ca051951c8eae34e3e3cb1e202fe36786",
      "name": "python3-3.13.13",
      "pname": "python313",
      "rev": "64c08a7ca051951c8eae34e3e3cb1e202fe36786",
      "rev_count": 1004030,
      "rev_date": "2026-05-23T18:24:25Z",
      "scrape_date": "2026-05-26T07:06:43.921309Z",
      "stabilities": [
        "unstable"
      ],
      "unfree": false,
      "version": "python3-3.13.13",
      "outputs_to_install": [
        "out"
      ],
      "outputs": {
        "out": "/nix/store/ygxqin6ydzjfawywqpp5pal8wv6sf5bh-python3-3.13.13"
      },
      "system": "aarch64-darwin",
      "group": "toplevel",
      "priority": 5
    },
    {
      "attr_path": "python313",
      "broken": false,
      "derivation": "/nix/store/cz7ch9rip1fkx6qlq9wbw4zzby6lm1ac-python3-3.13.13.drv",
      "description": "High-level dynamically-typed programming language",
      "install_id": "python313",
      "license": "Python-2.0",
      "locked_url": "https://github.com/flox/nixpkgs?rev=64c08a7ca051951c8eae34e3e3cb1e202fe36786",
      "name": "python3-3.13.13",
      "pname": "python313",
      "rev": "64c08a7ca051951c8eae34e3e3cb1e202fe36786",
      "rev_count": 1004030,
      "rev_date": "2026-05-23T18:24:25Z",
      "scrape_date": "2026-05-26T07:35:28.552935Z",
      "stabilities": [
        "unstable"
      ],
      "unfree": false,
      "version": "python3-3.13.13",
      "outputs_to_install": [
        "out",
        "out"
      ],
      "outputs": {
        "debug": "/nix/store/wsi1phrz2gvs0xa8gxsq34mbdpr0s6h0-python3-3.13.13-debug",
        "out": "/nix/store/lqn6mbgzzdrqq2qkwddcmxj9z6amdd86-python3-3.13.13"
      },
      "system": "aarch64-linux",
      "group": "toplevel",
      "priority": 5
    },
    {
      "attr_path": "python313",
      "broken": false,
      "derivation": "/nix/store/i7jfaphjj1kr98vbh658bzci515d1m0z-python3-3.13.13.drv",
      "description": "High-level dynamically-typed programming language",
      "install_id": "python313",
      "license": "Python-2.0",
      "locked_url": "https://github.com/flox/nixpkgs?rev=64c08a7ca051951c8eae34e3e3cb1e202fe36786",
      "name": "python3-3.13.13",
      "pname": "python313",
      "rev": "64c08a7ca051951c8eae34e3e3cb1e202fe36786",
      "rev_count": 1004030,
      "rev_date": "2026-05-23T18:24:25Z",
      "scrape_date": "2026-05-26T08:02:52.894477Z",
      "stabilities": [
        "unstable"
      ],
      "unfree": false,
      "version": "python3-3.13.13",
      "outputs_to_install": [
        "out"
      ],
      "outputs": {
        "out": "/nix/store/fyyi8b1dpk3xpjnn52rznnpvlyivds97-python3-3.13.13"
      },
      "system": "x86_64-darwin",
      "group": "toplevel",
      "priority": 5
    },
    {
      "attr_path": "python313",
      "broken": false,
      "derivation": "/nix/store/dhmlg234y19dv1bampr2ck9m3s7bzpn4-python3-3.13.13.drv",
      "description": "High-level dynamically-typed programming language",
      "install_id": "python313",
      "license": "Python-2.0",
      "locked_url": "https://github.com/flox/nixpkgs?rev=64c08a7ca051951c8eae34e3e3cb1e202fe36786",
      "name": "python3-3.13.13",
      "pname": "python313",
      "rev": "64c08a7ca051951c8eae34e3e3cb1e202fe36786",
      "rev_count": 1004030,
      "rev_date": "2026-05-23T18:24:25Z",
      "scrape_date": "2026-05-26T08:33:53.821386Z",
      "stabilities": [
        "unstable"
      ],
      "unfree": false,
      "version": "python3-3.13.13",
      "outputs_to_install": [
        "out",
        "out",
        "out"
      ],
      "outputs": {
        "debug": "/nix/store/f8f8fd1yyvay2916vv1lk77v4cy5p3wz-python3-3.13.13-debug",
        "out": "/nix/store/60m4rxhg2fldqaak400c0lry96ijrzqn-python3-3.13.13"
      },
      "system": "x86_64-linux",
      "group": "toplevel",
      "priority": 5
    },
    {
      "attr_path": "uv",
      "broken": false,
      "derivation": "/nix/store/5y5rxfnc7qr6l1lxiw8hxk4ily5y1x7c-uv-0.11.16.drv",
      "description": "Extremely fast Python package installer and resolver, written in Rust",
      "install_id": "uv",
      "license": "[ Apache-2.0, MIT ]",
      "locked_url": "https://github.com/flox/nixpkgs?rev=64c08a7ca051951c8eae34e3e3cb1e202fe36786",
      "name": "uv-0.11.16",
      "pname": "uv",
      "rev": "64c08a7ca051951c8eae34e3e3cb1e202fe36786",
      "rev_count": 1004030,
      "rev_date": "2026-05-23T18:24:25Z",
      "scrape_date": "2026-05-26T07:08:36.367103Z",
      "stabilities": [
        "unstable"
      ],
      "unfree": false,
      "version": "0.11.16",
      "outputs_to_install": [
        "out"
      ],
      "outputs": {
        "out": "/nix/store/x4r8sci8i3yzdr7anhvbwgl1xjyvhgfr-uv-0.11.16"
      },
      "system": "aarch64-darwin",
      "group": "toplevel",
      "priority": 5
    },
    {
      "attr_path": "uv",
      "broken": false,
      "derivation": "/nix/store/c5d3sgg376547nb1kmcbsk5fqags2kkv-uv-0.11.16.drv",
      "description": "Extremely fast Python package installer and resolver, written in Rust",
      "install_id": "uv",
      "license": "[ Apache-2.0, MIT ]",
      "locked_url": "https://github.com/flox/nixpkgs?rev=64c08a7ca051951c8eae34e3e3cb1e202fe36786",
      "name": "uv-0.11.16",
      "pname": "uv",
      "rev": "64c08a7ca051951c8eae34e3e3cb1e202fe36786",
      "rev_count": 1004030,
      "rev_date": "2026-05-23T18:24:25Z",
      "scrape_date": "2026-05-26T07:37:59.049235Z",
      "stabilities": [
        "unstable"
      ],
      "unfree": false,
      "version": "0.11.16",
      "outputs_to_install": [
        "out"
      ],
      "outputs": {
        "out": "/nix/store/9h1ajamiaj7zxq1v72zwdg486np93ck0-uv-0.11.16"
      },
      "system": "aarch64-linux",
      "group": "toplevel",
      "priority": 5
    },
    {
      "attr_path": "uv",
      "broken": false,
      "derivation": "/nix/store/xhy52zk3nvayg739rn8l1xrhxhmlnh45-uv-0.11.16.drv",
      "description": "Extremely fast Python package installer and resolver, written in Rust",
      "install_id": "uv",
      "license": "[ Apache-2.0, MIT ]",
      "locked_url": "https://github.com/flox/nixpkgs?rev=64c08a7ca051951c8eae34e3e3cb1e202fe36786",
      "name": "uv-0.11.16",
      "pname": "uv",
      "rev": "64c08a7ca051951c8eae34e3e3cb1e202fe36786",
      "rev_count": 1004030,
      "rev_date": "2026-05-23T18:24:25Z",
      "scrape_date": "2026-05-26T08:04:45.509238Z",
      "stabilities": [
        "unstable"
      ],
      "unfree": false,
      "version": "0.11.16",
      "outputs_to_install": [
        "out"
      ],
      "outputs": {
        "out": "/nix/store/l9ns6x700j1yijay157jahy5kkixg4ka-uv-0.11.16"
      },
      "system": "x86_64-darwin",
      "group": "toplevel",
      "priority": 5
    },
    {
      "attr_path": "uv",
      "broken": false,
      "derivation": "/nix/store/friqv48zwcpmg2g2ag6aak5rgrj6sj2g-uv-0.11.16.drv",
      "description": "Extremely fast Python package installer and resolver, written in Rust",
      "install_id": "uv",
      "license": "[ Apache-2.0, MIT ]",
      "locked_url": "https://github.com/flox/nixpkgs?rev=64c08a7ca051951c8eae34e3e3cb1e202fe36786",
      "name": "uv-0.11.16",
      "pname": "uv",
      "rev": "64c08a7ca051951c8eae34e3e3cb1e202fe36786",
      "rev_count": 1004030,
      "rev_date": "2026-05-23T18:24:25Z",
      "scrape_date": "2026-05-26T08:36:20.802169Z",
      "stabilities": [
        "unstable"
      ],
      "unfree": false,
      "version": "0.11.16",
      "outputs_to_install": [
        "out"
      ],
      "outputs": {
        "out": "/nix/store/hq1ygvwk5p6w6iyvfqfpvxbwjvi1b2cw-uv-0.11.16"
      },
      "system": "x86_64-linux",
      "group": "toplevel",
      "priority": 5
    }
  ]
}
